# This file is generated by running "yarn install" inside your project.
# Manual changes might be lost - proceed with caution!

__metadata:
  version: 6
  cacheKey: 8

"@kristoferbaxter/estree-walker@npm:2.0.2":
  version: 2.0.2
  resolution: "@kristoferbaxter/estree-walker@npm:2.0.2"
  checksum: d8b62990586b1708463fff9f96bd64fb9b1b90eaa5aad697e13cc8424469781afe73ab90f4efa3a9f523e57ff7d0fadcec8aeaaf5c809ab2e15c3061e8f0dc3d
  languageName: node
  linkType: hard

"@nodelib/fs.scandir@npm:2.1.5":
  version: 2.1.5
  resolution: "@nodelib/fs.scandir@npm:2.1.5"
  dependencies:
    "@nodelib/fs.stat": 2.0.5
    run-parallel: ^1.1.9
  checksum: a970d595bd23c66c880e0ef1817791432dbb7acbb8d44b7e7d0e7a22f4521260d4a83f7f9fd61d44fda4610105577f8f58a60718105fb38352baed612fd79e59
  languageName: node
  linkType: hard

"@nodelib/fs.stat@npm:2.0.5, @nodelib/fs.stat@npm:^2.0.2":
  version: 2.0.5
  resolution: "@nodelib/fs.stat@npm:2.0.5"
  checksum: 012480b5ca9d97bff9261571dbbec7bbc6033f69cc92908bc1ecfad0792361a5a1994bc48674b9ef76419d056a03efadfce5a6cf6dbc0a36559571a7a483f6f0
  languageName: node
  linkType: hard

"@nodelib/fs.walk@npm:^1.2.3":
  version: 1.2.8
  resolution: "@nodelib/fs.walk@npm:1.2.8"
  dependencies:
    "@nodelib/fs.scandir": 2.1.5
    fastq: ^1.6.0
  checksum: 190c643f156d8f8f277bf2a6078af1ffde1fd43f498f187c2db24d35b4b4b5785c02c7dc52e356497b9a1b65b13edc996de08de0b961c32844364da02986dc53
  languageName: node
  linkType: hard

"@raycast/api@npm:^1.30.3":
  version: 1.30.3
  resolution: "@raycast/api@npm:1.30.3"
  peerDependencies:
    react: 17.0.2
    react-reconciler: 0.26.2
  bin:
    ray: bin/ray
  checksum: 4247cb3116c8347a7d8563a66f0c8ae60794170ec7e433d2590b4bafe1ba4b4347f24435f291bc9d9b33f14e5476cfa35d9260ce0577e4d1f5674f728f703fd1
  languageName: node
  linkType: hard

"@types/prop-types@npm:*":
  version: 15.7.4
  resolution: "@types/prop-types@npm:15.7.4"
  checksum: ef6e1899e59b876c273811b1bd845022fc66d5a3d11cb38a25b6c566b30514ae38fe20a40f67622f362a4f4f7f9224e22d8da101cff3d6e97e11d7b4c307cfc1
  languageName: node
  linkType: hard

"@types/react@npm:^17.0.40":
  version: 17.0.42
  resolution: "@types/react@npm:17.0.42"
  dependencies:
    "@types/prop-types": "*"
    "@types/scheduler": "*"
    csstype: ^3.0.2
  checksum: 9a84374da1173901b5eba6b2dda9e70220842c8e70274628e5c93684fca59786b7f6215c93f492e34f8834983de096b2544f280c60da9b8fd4c3f20ffe7cc51e
  languageName: node
  linkType: hard

"@types/scheduler@npm:*":
  version: 0.16.2
  resolution: "@types/scheduler@npm:0.16.2"
  checksum: b6b4dcfeae6deba2e06a70941860fb1435730576d3689225a421280b7742318d1548b3d22c1f66ab68e414f346a9542f29240bc955b6332c5b11e561077583bc
  languageName: node
  linkType: hard

"acorn@npm:8.1.0":
  version: 8.1.0
  resolution: "acorn@npm:8.1.0"
  bin:
    acorn: bin/acorn
  checksum: 71ce276f632451bc691719f3cf6e866405fa2e94dd26cbdfb9efd05d6aacba5fcdd44722eceea4b29052e40ae34965628d9c9db686ed88b6cc9240c939e0e221
  languageName: node
  linkType: hard

"array.prototype.map@npm:^1.0.3":
  version: 1.0.4
  resolution: "array.prototype.map@npm:1.0.4"
  dependencies:
    call-bind: ^1.0.2
    define-properties: ^1.1.3
    es-abstract: ^1.19.0
    es-array-method-boxes-properly: ^1.0.0
    is-string: ^1.0.7
  checksum: 08c8065ae9e60585c1262e54556da2340cd140dc799d790843c1f4ad3a3f458e9866d147c8ff0308741e8316904313f682803ca15c179f65cb2f5b993fa71a82
  languageName: node
  linkType: hard

"braces@npm:^3.0.1":
  version: 3.0.2
  resolution: "braces@npm:3.0.2"
  dependencies:
    fill-range: ^7.0.1
  checksum: e2a8e769a863f3d4ee887b5fe21f63193a891c68b612ddb4b68d82d1b5f3ff9073af066c343e9867a393fe4c2555dcb33e89b937195feb9c1613d259edfcd459
  languageName: node
  linkType: hard

"call-bind@npm:^1.0.0, call-bind@npm:^1.0.2":
  version: 1.0.2
  resolution: "call-bind@npm:1.0.2"
  dependencies:
    function-bind: ^1.1.1
    get-intrinsic: ^1.0.2
  checksum: f8e31de9d19988a4b80f3e704788c4a2d6b6f3d17cfec4f57dc29ced450c53a49270dc66bf0fbd693329ee948dd33e6c90a329519aef17474a4d961e8d6426b0
  languageName: node
  linkType: hard

"cross-spawn@npm:^7.0.3":
  version: 7.0.3
  resolution: "cross-spawn@npm:7.0.3"
  dependencies:
    path-key: ^3.1.0
    shebang-command: ^2.0.0
    which: ^2.0.1
  checksum: 671cc7c7288c3a8406f3c69a3ae2fc85555c04169e9d611def9a675635472614f1c0ed0ef80955d5b6d4e724f6ced67f0ad1bb006c2ea643488fcfef994d7f52
  languageName: node
  linkType: hard

"csstype@npm:^3.0.2":
  version: 3.0.11
  resolution: "csstype@npm:3.0.11"
  checksum: 95e56abfe9ca219ae065acb4e43f61771a03170eed919127f558dfa168240867aba7629c8d98a201a0dd06d9a5ce82686f0570031c928516c61816adbc7c877f
  languageName: node
  linkType: hard

"define-properties@npm:^1.1.3":
  version: 1.1.3
  resolution: "define-properties@npm:1.1.3"
  dependencies:
    object-keys: ^1.0.12
  checksum: da80dba55d0cd76a5a7ab71ef6ea0ebcb7b941f803793e4e0257b384cb772038faa0c31659d244e82c4342edef841c1a1212580006a05a5068ee48223d787317
  languageName: node
  linkType: hard

"es-abstract@npm:^1.18.0-next.2, es-abstract@npm:^1.19.0":
  version: 1.19.1
  resolution: "es-abstract@npm:1.19.1"
  dependencies:
    call-bind: ^1.0.2
    es-to-primitive: ^1.2.1
    function-bind: ^1.1.1
    get-intrinsic: ^1.1.1
    get-symbol-description: ^1.0.0
    has: ^1.0.3
    has-symbols: ^1.0.2
    internal-slot: ^1.0.3
    is-callable: ^1.2.4
    is-negative-zero: ^2.0.1
    is-regex: ^1.1.4
    is-shared-array-buffer: ^1.0.1
    is-string: ^1.0.7
    is-weakref: ^1.0.1
    object-inspect: ^1.11.0
    object-keys: ^1.1.1
    object.assign: ^4.1.2
    string.prototype.trimend: ^1.0.4
    string.prototype.trimstart: ^1.0.4
    unbox-primitive: ^1.0.1
  checksum: b6be8410672c5364db3fb01eb786e30c7b4bb32b4af63d381c08840f4382c4a168e7855cd338bf59d4f1a1a1138f4d748d1fd40ec65aaa071876f9e9fbfed949
  languageName: node
  linkType: hard

"es-array-method-boxes-properly@npm:^1.0.0":
  version: 1.0.0
  resolution: "es-array-method-boxes-properly@npm:1.0.0"
  checksum: 2537fcd1cecf187083890bc6f5236d3a26bf39237433587e5bf63392e88faae929dbba78ff0120681a3f6f81c23fe3816122982c160d63b38c95c830b633b826
  languageName: node
  linkType: hard

"es-get-iterator@npm:^1.0.2":
  version: 1.1.2
  resolution: "es-get-iterator@npm:1.1.2"
  dependencies:
    call-bind: ^1.0.2
    get-intrinsic: ^1.1.0
    has-symbols: ^1.0.1
    is-arguments: ^1.1.0
    is-map: ^2.0.2
    is-set: ^2.0.2
    is-string: ^1.0.5
    isarray: ^2.0.5
  checksum: f75e66acb6a45686fa08b3ade9c9421a70d36a0c43ed4363e67f4d7aab2226cb73dd977cb48abbaf75721b946d3cd810682fcf310c7ad0867802fbf929b17dcf
  languageName: node
  linkType: hard

"es-to-primitive@npm:^1.2.1":
  version: 1.2.1
  resolution: "es-to-primitive@npm:1.2.1"
  dependencies:
    is-callable: ^1.1.4
    is-date-object: ^1.0.1
    is-symbol: ^1.0.2
  checksum: 4ead6671a2c1402619bdd77f3503991232ca15e17e46222b0a41a5d81aebc8740a77822f5b3c965008e631153e9ef0580540007744521e72de8e33599fca2eed
  languageName: node
  linkType: hard

"execa@npm:^5.1.1":
  version: 5.1.1
  resolution: "execa@npm:5.1.1"
  dependencies:
    cross-spawn: ^7.0.3
    get-stream: ^6.0.0
    human-signals: ^2.1.0
    is-stream: ^2.0.0
    merge-stream: ^2.0.0
    npm-run-path: ^4.0.1
    onetime: ^5.1.2
    signal-exit: ^3.0.3
    strip-final-newline: ^2.0.0
  checksum: fba9022c8c8c15ed862847e94c252b3d946036d7547af310e344a527e59021fd8b6bb0723883ea87044dc4f0201f949046993124a42ccb0855cae5bf8c786343
  languageName: node
  linkType: hard

"fast-glob@npm:3.2.5":
  version: 3.2.5
  resolution: "fast-glob@npm:3.2.5"
  dependencies:
    "@nodelib/fs.stat": ^2.0.2
    "@nodelib/fs.walk": ^1.2.3
    glob-parent: ^5.1.0
    merge2: ^1.3.0
    micromatch: ^4.0.2
    picomatch: ^2.2.1
  checksum: 5d6772c9b63dbb739d60b5630851e1f2cbf9744119e0968eac44c9f8cbc2d3d5cb4f2f0c74715ccb23daa336c87bea42186ed367e6c991afee61cd3d967320eb
  languageName: node
  linkType: hard

"fastq@npm:^1.6.0":
  version: 1.13.0
  resolution: "fastq@npm:1.13.0"
  dependencies:
    reusify: ^1.0.4
  checksum: 32cf15c29afe622af187d12fc9cd93e160a0cb7c31a3bb6ace86b7dea3b28e7b72acde89c882663f307b2184e14782c6c664fa315973c03626c7d4bff070bb0b
  languageName: node
  linkType: hard

"fill-range@npm:^7.0.1":
  version: 7.0.1
  resolution: "fill-range@npm:7.0.1"
  dependencies:
    to-regex-range: ^5.0.1
  checksum: cc283f4e65b504259e64fd969bcf4def4eb08d85565e906b7d36516e87819db52029a76b6363d0f02d0d532f0033c9603b9e2d943d56ee3b0d4f7ad3328ff917
  languageName: node
  linkType: hard

"function-bind@npm:^1.1.1":
  version: 1.1.1
  resolution: "function-bind@npm:1.1.1"
  checksum: b32fbaebb3f8ec4969f033073b43f5c8befbb58f1a79e12f1d7490358150359ebd92f49e72ff0144f65f2c48ea2a605bff2d07965f548f6474fd8efd95bf361a
  languageName: node
  linkType: hard

"get-intrinsic@npm:^1.0.2, get-intrinsic@npm:^1.1.0, get-intrinsic@npm:^1.1.1":
  version: 1.1.1
  resolution: "get-intrinsic@npm:1.1.1"
  dependencies:
    function-bind: ^1.1.1
    has: ^1.0.3
    has-symbols: ^1.0.1
  checksum: a9fe2ca8fa3f07f9b0d30fb202bcd01f3d9b9b6b732452e79c48e79f7d6d8d003af3f9e38514250e3553fdc83c61650851cb6870832ac89deaaceb08e3721a17
  languageName: node
  linkType: hard

"get-stream@npm:^6.0.0":
  version: 6.0.1
  resolution: "get-stream@npm:6.0.1"
  checksum: e04ecece32c92eebf5b8c940f51468cd53554dcbb0ea725b2748be583c9523d00128137966afce410b9b051eb2ef16d657cd2b120ca8edafcf5a65e81af63cad
  languageName: node
  linkType: hard

"get-symbol-description@npm:^1.0.0":
  version: 1.0.0
  resolution: "get-symbol-description@npm:1.0.0"
  dependencies:
    call-bind: ^1.0.2
    get-intrinsic: ^1.1.1
  checksum: 9ceff8fe968f9270a37a1f73bf3f1f7bda69ca80f4f80850670e0e7b9444ff99323f7ac52f96567f8b5f5fbe7ac717a0d81d3407c7313e82810c6199446a5247
  languageName: node
  linkType: hard

"glob-parent@npm:^5.1.0":
  version: 5.1.2
  resolution: "glob-parent@npm:5.1.2"
  dependencies:
    is-glob: ^4.0.1
  checksum: f4f2bfe2425296e8a47e36864e4f42be38a996db40420fe434565e4480e3322f18eb37589617a98640c5dc8fdec1a387007ee18dbb1f3f5553409c34d17f425e
  languageName: node
  linkType: hard

"has-bigints@npm:^1.0.1":
  version: 1.0.1
  resolution: "has-bigints@npm:1.0.1"
  checksum: 44ab55868174470065d2e0f8f6def1c990d12b82162a8803c679699fa8a39f966e336f2a33c185092fe8aea7e8bf2e85f1c26add5f29d98f2318bd270096b183
  languageName: node
  linkType: hard

"has-symbols@npm:^1.0.1, has-symbols@npm:^1.0.2":
  version: 1.0.3
  resolution: "has-symbols@npm:1.0.3"
  checksum: a054c40c631c0d5741a8285010a0777ea0c068f99ed43e5d6eb12972da223f8af553a455132fdb0801bdcfa0e0f443c0c03a68d8555aa529b3144b446c3f2410
  languageName: node
  linkType: hard

"has-tostringtag@npm:^1.0.0":
  version: 1.0.0
  resolution: "has-tostringtag@npm:1.0.0"
  dependencies:
    has-symbols: ^1.0.2
  checksum: cc12eb28cb6ae22369ebaad3a8ab0799ed61270991be88f208d508076a1e99abe4198c965935ce85ea90b60c94ddda73693b0920b58e7ead048b4a391b502c1c
  languageName: node
  linkType: hard

"has@npm:^1.0.3":
  version: 1.0.3
  resolution: "has@npm:1.0.3"
  dependencies:
    function-bind: ^1.1.1
  checksum: b9ad53d53be4af90ce5d1c38331e712522417d017d5ef1ebd0507e07c2fbad8686fffb8e12ddecd4c39ca9b9b47431afbb975b8abf7f3c3b82c98e9aad052792
  languageName: node
  linkType: hard

"human-signals@npm:^2.1.0":
  version: 2.1.0
  resolution: "human-signals@npm:2.1.0"
  checksum: b87fd89fce72391625271454e70f67fe405277415b48bcc0117ca73d31fa23a4241787afdc8d67f5a116cf37258c052f59ea82daffa72364d61351423848e3b8
  languageName: node
  linkType: hard

"internal-slot@npm:^1.0.3":
  version: 1.0.3
  resolution: "internal-slot@npm:1.0.3"
  dependencies:
    get-intrinsic: ^1.1.0
    has: ^1.0.3
    side-channel: ^1.0.4
  checksum: 1944f92e981e47aebc98a88ff0db579fd90543d937806104d0b96557b10c1f170c51fb777b97740a8b6ddeec585fca8c39ae99fd08a8e058dfc8ab70937238bf
  languageName: node
  linkType: hard

"is-arguments@npm:^1.1.0":
  version: 1.1.1
  resolution: "is-arguments@npm:1.1.1"
  dependencies:
    call-bind: ^1.0.2
    has-tostringtag: ^1.0.0
  checksum: 7f02700ec2171b691ef3e4d0e3e6c0ba408e8434368504bb593d0d7c891c0dbfda6d19d30808b904a6cb1929bca648c061ba438c39f296c2a8ca083229c49f27
  languageName: node
  linkType: hard

"is-bigint@npm:^1.0.1":
  version: 1.0.4
  resolution: "is-bigint@npm:1.0.4"
  dependencies:
    has-bigints: ^1.0.1
  checksum: c56edfe09b1154f8668e53ebe8252b6f185ee852a50f9b41e8d921cb2bed425652049fbe438723f6cb48a63ca1aa051e948e7e401e093477c99c84eba244f666
  languageName: node
  linkType: hard

"is-boolean-object@npm:^1.1.0":
  version: 1.1.2
  resolution: "is-boolean-object@npm:1.1.2"
  dependencies:
    call-bind: ^1.0.2
    has-tostringtag: ^1.0.0
  checksum: c03b23dbaacadc18940defb12c1c0e3aaece7553ef58b162a0f6bba0c2a7e1551b59f365b91e00d2dbac0522392d576ef322628cb1d036a0fe51eb466db67222
  languageName: node
  linkType: hard

"is-callable@npm:^1.1.4, is-callable@npm:^1.2.4":
  version: 1.2.4
  resolution: "is-callable@npm:1.2.4"
  checksum: 1a28d57dc435797dae04b173b65d6d1e77d4f16276e9eff973f994eadcfdc30a017e6a597f092752a083c1103cceb56c91e3dadc6692fedb9898dfaba701575f
  languageName: node
  linkType: hard

"is-date-object@npm:^1.0.1":
  version: 1.0.5
  resolution: "is-date-object@npm:1.0.5"
  dependencies:
    has-tostringtag: ^1.0.0
  checksum: baa9077cdf15eb7b58c79398604ca57379b2fc4cf9aa7a9b9e295278648f628c9b201400c01c5e0f7afae56507d741185730307cbe7cad3b9f90a77e5ee342fc
  languageName: node
  linkType: hard

"is-extglob@npm:^2.1.1":
  version: 2.1.1
  resolution: "is-extglob@npm:2.1.1"
  checksum: df033653d06d0eb567461e58a7a8c9f940bd8c22274b94bf7671ab36df5719791aae15eef6d83bbb5e23283967f2f984b8914559d4449efda578c775c4be6f85
  languageName: node
  linkType: hard

"is-glob@npm:^4.0.1":
  version: 4.0.3
  resolution: "is-glob@npm:4.0.3"
  dependencies:
    is-extglob: ^2.1.1
  checksum: d381c1319fcb69d341cc6e6c7cd588e17cd94722d9a32dbd60660b993c4fb7d0f19438674e68dfec686d09b7c73139c9166b47597f846af387450224a8101ab4
  languageName: node
  linkType: hard

"is-map@npm:^2.0.2":
  version: 2.0.2
  resolution: "is-map@npm:2.0.2"
  checksum: ace3d0ecd667bbdefdb1852de601268f67f2db725624b1958f279316e13fecb8fa7df91fd60f690d7417b4ec180712f5a7ee967008e27c65cfd475cc84337728
  languageName: node
  linkType: hard

"is-negative-zero@npm:^2.0.1":
  version: 2.0.2
  resolution: "is-negative-zero@npm:2.0.2"
  checksum: f3232194c47a549da60c3d509c9a09be442507616b69454716692e37ae9f37c4dea264fb208ad0c9f3efd15a796a46b79df07c7e53c6227c32170608b809149a
  languageName: node
  linkType: hard

"is-number-object@npm:^1.0.4":
  version: 1.0.6
  resolution: "is-number-object@npm:1.0.6"
  dependencies:
    has-tostringtag: ^1.0.0
  checksum: c697704e8fc2027fc41cb81d29805de4e8b6dc9c3efee93741dbf126a8ecc8443fef85adbc581415ae7e55d325e51d0a942324ae35c829131748cce39cba55f3
  languageName: node
  linkType: hard

"is-number@npm:^7.0.0":
  version: 7.0.0
  resolution: "is-number@npm:7.0.0"
  checksum: 456ac6f8e0f3111ed34668a624e45315201dff921e5ac181f8ec24923b99e9f32ca1a194912dc79d539c97d33dba17dc635202ff0b2cf98326f608323276d27a
  languageName: node
  linkType: hard

"is-regex@npm:^1.1.4":
  version: 1.1.4
  resolution: "is-regex@npm:1.1.4"
  dependencies:
    call-bind: ^1.0.2
    has-tostringtag: ^1.0.0
  checksum: 362399b33535bc8f386d96c45c9feb04cf7f8b41c182f54174c1a45c9abbbe5e31290bbad09a458583ff6bf3b2048672cdb1881b13289569a7c548370856a652
  languageName: node
  linkType: hard

"is-set@npm:^2.0.2":
  version: 2.0.2
  resolution: "is-set@npm:2.0.2"
  checksum: b64343faf45e9387b97a6fd32be632ee7b269bd8183701f3b3f5b71a7cf00d04450ed8669d0bd08753e08b968beda96fca73a10fd0ff56a32603f64deba55a57
  languageName: node
  linkType: hard

"is-shared-array-buffer@npm:^1.0.1":
  version: 1.0.1
  resolution: "is-shared-array-buffer@npm:1.0.1"
  checksum: 2ffb92533e64e2876e6cfe6906871d28400b6f1a53130fe652ec8007bc0e5044d05e7af8e31bdc992fbba520bd92938cfbeedd0f286be92f250c7c76191c4d90
  languageName: node
  linkType: hard

"is-stream@npm:^2.0.0":
  version: 2.0.1
  resolution: "is-stream@npm:2.0.1"
  checksum: b8e05ccdf96ac330ea83c12450304d4a591f9958c11fd17bed240af8d5ffe08aedafa4c0f4cfccd4d28dc9d4d129daca1023633d5c11601a6cbc77521f6fae66
  languageName: node
  linkType: hard

"is-string@npm:^1.0.5, is-string@npm:^1.0.7":
  version: 1.0.7
  resolution: "is-string@npm:1.0.7"
  dependencies:
    has-tostringtag: ^1.0.0
  checksum: 323b3d04622f78d45077cf89aab783b2f49d24dc641aa89b5ad1a72114cfeff2585efc8c12ef42466dff32bde93d839ad321b26884cf75e5a7892a938b089989
  languageName: node
  linkType: hard

"is-symbol@npm:^1.0.2, is-symbol@npm:^1.0.3":
  version: 1.0.4
  resolution: "is-symbol@npm:1.0.4"
  dependencies:
    has-symbols: ^1.0.2
  checksum: 92805812ef590738d9de49d677cd17dfd486794773fb6fa0032d16452af46e9b91bb43ffe82c983570f015b37136f4b53b28b8523bfb10b0ece7a66c31a54510
  languageName: node
  linkType: hard

"is-weakref@npm:^1.0.1":
  version: 1.0.2
  resolution: "is-weakref@npm:1.0.2"
  dependencies:
    call-bind: ^1.0.2
  checksum: 95bd9a57cdcb58c63b1c401c60a474b0f45b94719c30f548c891860f051bc2231575c290a6b420c6bc6e7ed99459d424c652bd5bf9a1d5259505dc35b4bf83de
  languageName: node
  linkType: hard

"isarray@npm:^2.0.5":
  version: 2.0.5
  resolution: "isarray@npm:2.0.5"
  checksum: bd5bbe4104438c4196ba58a54650116007fa0262eccef13a4c55b2e09a5b36b59f1e75b9fcc49883dd9d4953892e6fc007eef9e9155648ceea036e184b0f930a
  languageName: node
  linkType: hard

"isexe@npm:^2.0.0":
  version: 2.0.0
  resolution: "isexe@npm:2.0.0"
  checksum: 26bf6c5480dda5161c820c5b5c751ae1e766c587b1f951ea3fcfc973bafb7831ae5b54a31a69bd670220e42e99ec154475025a468eae58ea262f813fdc8d1c62
  languageName: node
  linkType: hard

"iterate-iterator@npm:^1.0.1":
  version: 1.0.2
  resolution: "iterate-iterator@npm:1.0.2"
  checksum: 97b3ed4f2bebe038be57d03277879e406b2c537ceeeab7f82d4167f9a3cff872cc2cc5da3dc9920ff544ca247329d2a4d44121bb8ef8d0807a72176bdbc17c84
  languageName: node
  linkType: hard

"iterate-value@npm:^1.0.2":
  version: 1.0.2
  resolution: "iterate-value@npm:1.0.2"
  dependencies:
    es-get-iterator: ^1.0.2
    iterate-iterator: ^1.0.1
  checksum: 446a4181657df1872e5020713206806757157db6ab375dee05eb4565b66e1244d7a99cd36ce06862261ad4bd059e66ba8192f62b5d1ff41d788c3b61953af6c3
  languageName: node
  linkType: hard

"js-tokens@npm:^3.0.0 || ^4.0.0":
  version: 4.0.0
  resolution: "js-tokens@npm:4.0.0"
  checksum: 8a95213a5a77deb6cbe94d86340e8d9ace2b93bc367790b260101d2f36a2eaf4e4e22d9fa9cf459b38af3a32fb4190e638024cf82ec95ef708680e405ea7cc78
  languageName: node
  linkType: hard

"loose-envify@npm:^1.1.0":
  version: 1.4.0
  resolution: "loose-envify@npm:1.4.0"
  dependencies:
    js-tokens: ^3.0.0 || ^4.0.0
  bin:
    loose-envify: cli.js
  checksum: 6517e24e0cad87ec9888f500c5b5947032cdfe6ef65e1c1936a0c48a524b81e65542c9c3edc91c97d5bddc806ee2a985dbc79be89215d613b1de5db6d1cfe6f4
  languageName: node
  linkType: hard

"magic-string@npm:0.25.7":
  version: 0.25.7
  resolution: "magic-string@npm:0.25.7"
  dependencies:
    sourcemap-codec: ^1.4.4
  checksum: 727a1fb70f9610304fe384f1df0251eb7d1d9dd779c07ef1225690361b71b216f26f5d934bfb11c919b5b0e7ba50f6240c823a6f2e44cfd33d4a07d7747ca829
  languageName: node
  linkType: hard

"merge-stream@npm:^2.0.0":
  version: 2.0.0
  resolution: "merge-stream@npm:2.0.0"
  checksum: 6fa4dcc8d86629705cea944a4b88ef4cb0e07656ebf223fa287443256414283dd25d91c1cd84c77987f2aec5927af1a9db6085757cb43d90eb170ebf4b47f4f4
  languageName: node
  linkType: hard

"merge2@npm:^1.3.0":
  version: 1.4.1
  resolution: "merge2@npm:1.4.1"
  checksum: 7268db63ed5169466540b6fb947aec313200bcf6d40c5ab722c22e242f651994619bcd85601602972d3c85bd2cc45a358a4c61937e9f11a061919a1da569b0c2
  languageName: node
  linkType: hard

"micromatch@npm:^4.0.2":
  version: 4.0.4
  resolution: "micromatch@npm:4.0.4"
  dependencies:
    braces: ^3.0.1
    picomatch: ^2.2.3
  checksum: ef3d1c88e79e0a68b0e94a03137676f3324ac18a908c245a9e5936f838079fcc108ac7170a5fadc265a9c2596963462e402841406bda1a4bb7b68805601d631c
  languageName: node
  linkType: hard

"mimic-fn@npm:^2.1.0":
  version: 2.1.0
  resolution: "mimic-fn@npm:2.1.0"
  checksum: d2421a3444848ce7f84bd49115ddacff29c15745db73f54041edc906c14b131a38d05298dae3081667627a59b2eb1ca4b436ff2e1b80f69679522410418b478a
  languageName: node
  linkType: hard

"mri@npm:1.1.6":
  version: 1.1.6
  resolution: "mri@npm:1.1.6"
  checksum: c568269a40e2e95d48f28b88ab8b24bdc7c586edbfbb3e5ce7a4e3cee0665aef673b86bc2b63c98289d29b573a39d0e054924e415286a8dafdabfc68785746c7
  languageName: node
  linkType: hard

"npm-run-path@npm:^4.0.1":
  version: 4.0.1
  resolution: "npm-run-path@npm:4.0.1"
  dependencies:
    path-key: ^3.0.0
  checksum: 5374c0cea4b0bbfdfae62da7bbdf1e1558d338335f4cacf2515c282ff358ff27b2ecb91ffa5330a8b14390ac66a1e146e10700440c1ab868208430f56b5f4d23
  languageName: node
  linkType: hard

"object-assign@npm:^4.1.1":
  version: 4.1.1
  resolution: "object-assign@npm:4.1.1"
  checksum: fcc6e4ea8c7fe48abfbb552578b1c53e0d194086e2e6bbbf59e0a536381a292f39943c6e9628af05b5528aa5e3318bb30d6b2e53cadaf5b8fe9e12c4b69af23f
  languageName: node
  linkType: hard

"object-inspect@npm:^1.11.0, object-inspect@npm:^1.9.0":
  version: 1.12.0
  resolution: "object-inspect@npm:1.12.0"
  checksum: 2b36d4001a9c921c6b342e2965734519c9c58c355822243c3207fbf0aac271f8d44d30d2d570d450b2cc6f0f00b72bcdba515c37827d2560e5f22b1899a31cf4
  languageName: node
  linkType: hard

"object-keys@npm:^1.0.12, object-keys@npm:^1.1.1":
  version: 1.1.1
  resolution: "object-keys@npm:1.1.1"
  checksum: b363c5e7644b1e1b04aa507e88dcb8e3a2f52b6ffd0ea801e4c7a62d5aa559affe21c55a07fd4b1fd55fc03a33c610d73426664b20032405d7b92a1414c34d6a
  languageName: node
  linkType: hard

"object.assign@npm:^4.1.2":
  version: 4.1.2
  resolution: "object.assign@npm:4.1.2"
  dependencies:
    call-bind: ^1.0.0
    define-properties: ^1.1.3
    has-symbols: ^1.0.1
    object-keys: ^1.1.1
  checksum: d621d832ed7b16ac74027adb87196804a500d80d9aca536fccb7ba48d33a7e9306a75f94c1d29cbfa324bc091bfc530bc24789568efdaee6a47fcfa298993814
  languageName: node
  linkType: hard

"onetime@npm:^5.1.2":
  version: 5.1.2
  resolution: "onetime@npm:5.1.2"
  dependencies:
    mimic-fn: ^2.1.0
  checksum: 2478859ef817fc5d4e9c2f9e5728512ddd1dbc9fb7829ad263765bb6d3b91ce699d6e2332eef6b7dff183c2f490bd3349f1666427eaba4469fba0ac38dfd0d34
  languageName: node
  linkType: hard

"path-key@npm:^3.0.0, path-key@npm:^3.1.0":
  version: 3.1.1
  resolution: "path-key@npm:3.1.1"
  checksum: 55cd7a9dd4b343412a8386a743f9c746ef196e57c823d90ca3ab917f90ab9f13dd0ded27252ba49dbdfcab2b091d998bc446f6220cd3cea65db407502a740020
  languageName: node
  linkType: hard

"picomatch@npm:^2.2.1, picomatch@npm:^2.2.3":
  version: 2.3.1
  resolution: "picomatch@npm:2.3.1"
  checksum: 050c865ce81119c4822c45d3c84f1ced46f93a0126febae20737bd05ca20589c564d6e9226977df859ed5e03dc73f02584a2b0faad36e896936238238b0446cf
  languageName: node
  linkType: hard

"promise.allsettled@npm:1.0.4":
  version: 1.0.4
  resolution: "promise.allsettled@npm:1.0.4"
  dependencies:
    array.prototype.map: ^1.0.3
    call-bind: ^1.0.2
    define-properties: ^1.1.3
    es-abstract: ^1.18.0-next.2
    get-intrinsic: ^1.0.2
    iterate-value: ^1.0.2
  checksum: 3452bb646da72d9a02dde772a0c1078dd72e05da412e7c2dd5c7a127b949b4b1b82bd428770c949257791c5127776b72df4913940b9d87d7ec13bf4c0eeca7cf
  languageName: node
  linkType: hard

"queue-microtask@npm:^1.2.2":
  version: 1.2.3
  resolution: "queue-microtask@npm:1.2.3"
  checksum: b676f8c040cdc5b12723ad2f91414d267605b26419d5c821ff03befa817ddd10e238d22b25d604920340fd73efd8ba795465a0377c4adf45a4a41e4234e42dc4
  languageName: node
  linkType: hard

"raycast-toolkit@workspace:.":
  version: 0.0.0-use.local
  resolution: "raycast-toolkit@workspace:."
  dependencies:
    "@raycast/api": ^1.30.3
    "@types/react": ^17.0.40
    react: ^17.0.2
    run-applescript: ^6.0.0
    typescript: ^4.6.2
    typescript-esm: ^2.0.0
  peerDependencies:
    "@raycast/api": "*"
    react: "*"
  languageName: unknown
  linkType: soft

"react@npm:^17.0.2":
  version: 17.0.2
  resolution: "react@npm:17.0.2"
  dependencies:
    loose-envify: ^1.1.0
    object-assign: ^4.1.1
  checksum: b254cc17ce3011788330f7bbf383ab653c6848902d7936a87b09d835d091e3f295f7e9dd1597c6daac5dc80f90e778c8230218ba8ad599f74adcc11e33b9d61b
  languageName: node
  linkType: hard

"reusify@npm:^1.0.4":
  version: 1.0.4
  resolution: "reusify@npm:1.0.4"
  checksum: c3076ebcc22a6bc252cb0b9c77561795256c22b757f40c0d8110b1300723f15ec0fc8685e8d4ea6d7666f36c79ccc793b1939c748bf36f18f542744a4e379fcc
  languageName: node
  linkType: hard

"run-applescript@npm:^6.0.0":
  version: 6.0.0
  resolution: "run-applescript@npm:6.0.0"
  dependencies:
    execa: ^5.1.1
  checksum: 1fbdb7314b57aa49c2f73da64ca3fc0eb7d9e8645484da67e3b717eccfde95107aed786c73172429b406d023a67ec066c99829136f6f1d7e3c53d687ad7e9a6b
  languageName: node
  linkType: hard

"run-parallel@npm:^1.1.9":
  version: 1.2.0
  resolution: "run-parallel@npm:1.2.0"
  dependencies:
    queue-microtask: ^1.2.2
  checksum: cb4f97ad25a75ebc11a8ef4e33bb962f8af8516bb2001082ceabd8902e15b98f4b84b4f8a9b222e5d57fc3bd1379c483886ed4619367a7680dad65316993021d
  languageName: node
  linkType: hard

"shebang-command@npm:^2.0.0":
  version: 2.0.0
  resolution: "shebang-command@npm:2.0.0"
  dependencies:
    shebang-regex: ^3.0.0
  checksum: 6b52fe87271c12968f6a054e60f6bde5f0f3d2db483a1e5c3e12d657c488a15474121a1d55cd958f6df026a54374ec38a4a963988c213b7570e1d51575cea7fa
  languageName: node
  linkType: hard

"shebang-regex@npm:^3.0.0":
  version: 3.0.0
  resolution: "shebang-regex@npm:3.0.0"
  checksum: 1a2bcae50de99034fcd92ad4212d8e01eedf52c7ec7830eedcf886622804fe36884278f2be8be0ea5fde3fd1c23911643a4e0f726c8685b61871c8908af01222
  languageName: node
  linkType: hard

"side-channel@npm:^1.0.4":
  version: 1.0.4
  resolution: "side-channel@npm:1.0.4"
  dependencies:
    call-bind: ^1.0.0
    get-intrinsic: ^1.0.2
    object-inspect: ^1.9.0
  checksum: 351e41b947079c10bd0858364f32bb3a7379514c399edb64ab3dce683933483fc63fb5e4efe0a15a2e8a7e3c436b6a91736ddb8d8c6591b0460a24bb4a1ee245
  languageName: node
  linkType: hard

"signal-exit@npm:^3.0.3":
  version: 3.0.7
  resolution: "signal-exit@npm:3.0.7"
  checksum: a2f098f247adc367dffc27845853e9959b9e88b01cb301658cfe4194352d8d2bb32e18467c786a7fe15f1d44b233ea35633d076d5e737870b7139949d1ab6318
  languageName: node
  linkType: hard

"sourcemap-codec@npm:^1.4.4":
  version: 1.4.8
  resolution: "sourcemap-codec@npm:1.4.8"
  checksum: b57981c05611afef31605732b598ccf65124a9fcb03b833532659ac4d29ac0f7bfacbc0d6c5a28a03e84c7510e7e556d758d0bb57786e214660016fb94279316
  languageName: node
  linkType: hard

"string.prototype.trimend@npm:^1.0.4":
  version: 1.0.4
  resolution: "string.prototype.trimend@npm:1.0.4"
  dependencies:
    call-bind: ^1.0.2
    define-properties: ^1.1.3
  checksum: 17e5aa45c3983f582693161f972c1c1fa4bbbdf22e70e582b00c91b6575f01680dc34e83005b98e31abe4d5d29e0b21fcc24690239c106c7b2315aade6a898ac
  languageName: node
  linkType: hard

"string.prototype.trimstart@npm:^1.0.4":
  version: 1.0.4
  resolution: "string.prototype.trimstart@npm:1.0.4"
  dependencies:
    call-bind: ^1.0.2
    define-properties: ^1.1.3
  checksum: 3fb06818d3cccac5fa3f5f9873d984794ca0e9f6616fae6fcc745885d9efed4e17fe15f832515d9af5e16c279857fdbffdfc489ca4ed577811b017721b30302f
  languageName: node
  linkType: hard

"strip-final-newline@npm:^2.0.0":
  version: 2.0.0
  resolution: "strip-final-newline@npm:2.0.0"
  checksum: 69412b5e25731e1938184b5d489c32e340605bb611d6140344abc3421b7f3c6f9984b21dff296dfcf056681b82caa3bb4cc996a965ce37bcfad663e92eae9c64
  languageName: node
  linkType: hard

"to-regex-range@npm:^5.0.1":
  version: 5.0.1
  resolution: "to-regex-range@npm:5.0.1"
  dependencies:
    is-number: ^7.0.0
  checksum: f76fa01b3d5be85db6a2a143e24df9f60dd047d151062d0ba3df62953f2f697b16fe5dad9b0ac6191c7efc7b1d9dcaa4b768174b7b29da89d4428e64bc0a20ed
  languageName: node
  linkType: hard

"typescript-esm@npm:^2.0.0":
  version: 2.0.0
  resolution: "typescript-esm@npm:2.0.0"
  dependencies:
    "@kristoferbaxter/estree-walker": 2.0.2
    acorn: 8.1.0
    fast-glob: 3.2.5
    magic-string: 0.25.7
    mri: 1.1.6
    promise.allsettled: 1.0.4
    typescript: 4.2.3
  bin:
    tsc-esm: dist/tsc-esm
  checksum: 5fab7f782f3f6e11b79364f75a10da116afaf716bf340d5517a4fbeda230be80417b190c6fa079e99094537200d54ce6257c7aace0af239899be2e6bfce33a43
  languageName: node
  linkType: hard

"typescript@npm:4.2.3":
  version: 4.2.3
  resolution: "typescript@npm:4.2.3"
  bin:
    tsc: bin/tsc
    tsserver: bin/tsserver
  checksum: b4a2020c021211184ac15caf59936b2089c13e79685f340a31aaa839c9de2f73b44a5e3757292de6cdad2ed967aef80d4592161b814cc29c0570f261850c4bca
  languageName: node
  linkType: hard

"typescript@npm:^4.6.2":
  version: 4.6.2
  resolution: "typescript@npm:4.6.2"
  bin:
    tsc: bin/tsc
    tsserver: bin/tsserver
  checksum: 8a44ed7e6f6c4cb1ebe8cf236ecda2fb119d84dcf0fbd77e707b2dfea1bbcfc4e366493a143513ce7f57203c75da9d4e20af6fe46de89749366351046be7577c
  languageName: node
  linkType: hard

"typescript@patch:typescript@4.2.3#~builtin<compat/typescript>":
  version: 4.2.3
  resolution: "typescript@patch:typescript@npm%3A4.2.3#~builtin<compat/typescript>::version=4.2.3&hash=bda367"
  bin:
    tsc: bin/tsc
    tsserver: bin/tsserver
  checksum: f00e6e6e72c950865979d5beb66916c75d92eda09514eb2953828b95505cfd2ef3ae9ac776fdac9f841a9ce67744999b70d23779726e0072656a1841c8080860
  languageName: node
  linkType: hard

"typescript@patch:typescript@^4.6.2#~builtin<compat/typescript>":
  version: 4.6.2
  resolution: "typescript@patch:typescript@npm%3A4.6.2#~builtin<compat/typescript>::version=4.6.2&hash=bda367"
  bin:
    tsc: bin/tsc
    tsserver: bin/tsserver
  checksum: 40b493a71747fb89fa70df104e2c4a5e284b43750af5bea024090a5261cefa387f7a9372411b13030f7bf5555cee4275443d08805642ae5c74ef76740854a4c7
  languageName: node
  linkType: hard

"unbox-primitive@npm:^1.0.1":
  version: 1.0.1
  resolution: "unbox-primitive@npm:1.0.1"
  dependencies:
    function-bind: ^1.1.1
    has-bigints: ^1.0.1
    has-symbols: ^1.0.2
    which-boxed-primitive: ^1.0.2
  checksum: 89d950e18fb45672bc6b3c961f1e72c07beb9640c7ceed847b571ba6f7d2af570ae1a2584cfee268b9d9ea1e3293f7e33e0bc29eaeb9f8e8a0bab057ff9e6bba
  languageName: node
  linkType: hard

"which-boxed-primitive@npm:^1.0.2":
  version: 1.0.2
  resolution: "which-boxed-primitive@npm:1.0.2"
  dependencies:
    is-bigint: ^1.0.1
    is-boolean-object: ^1.1.0
    is-number-object: ^1.0.4
    is-string: ^1.0.5
    is-symbol: ^1.0.3
  checksum: 53ce774c7379071729533922adcca47220228405e1895f26673bbd71bdf7fb09bee38c1d6399395927c6289476b5ae0629863427fd151491b71c4b6cb04f3a5e
  languageName: node
  linkType: hard

"which@npm:^2.0.1":
  version: 2.0.2
  resolution: "which@npm:2.0.2"
  dependencies:
    isexe: ^2.0.0
  bin:
    node-which: ./bin/node-which
  checksum: 1a5c563d3c1b52d5f893c8b61afe11abc3bab4afac492e8da5bde69d550de701cf9806235f20a47b5c8fa8a1d6a9135841de2596535e998027a54589000e66d1
  languageName: node
  linkType: hard
